
Microsoft Visual Studio Solution File, Format Version 12.00
# Visual Studio Version 17
VisualStudioVersion = 17.11.35312.102
MinimumVisualStudioVersion = 10.0.40219.1
Project("{FAE04EC0-301F-11D3-BF4B-00C04F79EFBC}") = "TripPlanner", "TripPlanner\TripPlanner.csproj", "{03D7494E-D9D9-44C2-9FDB-607C39FD940E}"
EndProject
Project("{2150E333-8FDC-42A3-9474-1A3956D46DE8}") = "TripPlanner.Data", "TripPlanner.Data", "{CED1F45B-F0C0-4B63-B968-E478855C02AA}"
EndProject
Project("{FAE04EC0-301F-11D3-BF4B-00C04F79EFBC}") = "TripPlanner.Data", "TripPlanner.Data\TripPlanner.Data.csproj", "{66B9D190-951B-4BD7-B7AD-0BD4CD6753FB}"
EndProject
Project("{FAE04EC0-301F-11D3-BF4B-00C04F79EFBC}") = "TripPlanner.Data.Models", "TripPlanner.Data.Models\TripPlanner.Data.Models.csproj", "{E573B5D6-634A-40AA-9008-3E86B1EDE97D}"
EndProject
Global
	GlobalSection(SolutionConfigurationPlatforms) = preSolution
		Debug|Any CPU = Debug|Any CPU
		Release|Any CPU = Release|Any CPU
	EndGlobalSection
	GlobalSection(ProjectConfigurationPlatforms) = postSolution
		{03D7494E-D9D9-44C2-9FDB-607C39FD940E}.Debug|Any CPU.ActiveCfg = Debug|Any CPU
		{03D7494E-D9D9-44C2-9FDB-607C39FD940E}.Debug|Any CPU.Build.0 = Debug|Any CPU
		{03D7494E-D9D9-44C2-9FDB-607C39FD940E}.Release|Any CPU.ActiveCfg = Release|Any CPU
		{03D7494E-D9D9-44C2-9FDB-607C39FD940E}.Release|Any CPU.Build.0 = Release|Any CPU
		{66B9D190-951B-4BD7-B7AD-0BD4CD6753FB}.Debug|Any CPU.ActiveCfg = Debug|Any CPU
		{66B9D190-951B-4BD7-B7AD-0BD4CD6753FB}.Debug|Any CPU.Build.0 = Debug|Any CPU
		{66B9D190-951B-4BD7-B7AD-0BD4CD6753FB}.Release|Any CPU.ActiveCfg = Release|Any CPU
		{66B9D190-951B-4BD7-B7AD-0BD4CD6753FB}.Release|Any CPU.Build.0 = Release|Any CPU
		{E573B5D6-634A-40AA-9008-3E86B1EDE97D}.Debug|Any CPU.ActiveCfg = Debug|Any CPU
		{E573B5D6-634A-40AA-9008-3E86B1EDE97D}.Debug|Any CPU.Build.0 = Debug|Any CPU
		{E573B5D6-634A-40AA-9008-3E86B1EDE97D}.Release|Any CPU.ActiveCfg = Release|Any CPU
		{E573B5D6-634A-40AA-9008-3E86B1EDE97D}.Release|Any CPU.Build.0 = Release|Any CPU
	EndGlobalSection
	GlobalSection(SolutionProperties) = preSolution
		HideSolutionNode = FALSE
	EndGlobalSection
	GlobalSection(NestedProjects) = preSolution
		{66B9D190-951B-4BD7-B7AD-0BD4CD6753FB} = {CED1F45B-F0C0-4B63-B968-E478855C02AA}
		{E573B5D6-634A-40AA-9008-3E86B1EDE97D} = {CED1F45B-F0C0-4B63-B968-E478855C02AA}
	EndGlobalSection
	GlobalSection(ExtensibilityGlobals) = postSolution
		SolutionGuid = {EF9591F5-F204-4072-B1A6-5930379D5FAB}
	EndGlobalSection
EndGlobal
